
Microsoft Visual Studio Solution File, Format Version 12.00
# Visual Studio 15
VisualStudioVersion = 15.0.27130.2020
MinimumVisualStudioVersion = 10.0.40219.1
Project("{2150E333-8FDC-42A3-9474-1A3956D46DE8}") = "Tests", "Tests", "{7AE8B402-63A3-412C-9562-90D7699C3BF7}"
EndProject
Project("{FAE04EC0-301F-11D3-BF4B-00C04F79EFBC}") = "Grumpy.MessageQueue", "Grumpy.MessageQueue\Grumpy.MessageQueue.csproj", "{4E4557E1-63CA-40C0-B3FE-D3F4997158FF}"
EndProject
Project("{FAE04EC0-301F-11D3-BF4B-00C04F79EFBC}") = "Grumpy.MessageQueue.TestTools", "Grumpy.MessageQueue.TestTools\Grumpy.MessageQueue.TestTools.csproj", "{A36C4478-47FF-4054-A26A-107C850B3DD2}"
EndProject
Project("{2150E333-8FDC-42A3-9474-1A3956D46DE8}") = "Solution Items", "Solution Items", "{A66EE807-9D43-4259-8F8C-176DC298D227}"
	ProjectSection(SolutionItems) = preProject
		.gitattributes = .gitattributes
		.gitignore = .gitignore
		appveyor.yml = appveyor.yml
		LICENSE = LICENSE
		README.md = README.md
	EndProjectSection
EndProject
Project("{FAE04EC0-301F-11D3-BF4B-00C04F79EFBC}") = "Grumpy.MessageQueue.UnitTests", "Grumpy.MessageQueue.UnitTests\Grumpy.MessageQueue.UnitTests.csproj", "{AFF55671-CF23-482D-A488-F86FF198F826}"
EndProject
Project("{FAE04EC0-301F-11D3-BF4B-00C04F79EFBC}") = "Grumpy.MessageQueue.IntegrationTests", "Grumpy.MessageQueue.IntegrationTests\Grumpy.MessageQueue.IntegrationTests.csproj", "{1211F252-EDE8-43D3-A0A0-70C4D17ED063}"
EndProject
Project("{FAE04EC0-301F-11D3-BF4B-00C04F79EFBC}") = "Grumpy.MessageQueue.TestTools.UnitTests", "Grumpy.MessageQueue.TestTools.UnitTests\Grumpy.MessageQueue.TestTools.UnitTests.csproj", "{A83E86CF-7557-4D78-A7BE-0E31A95DF06C}"
EndProject
Project("{FAE04EC0-301F-11D3-BF4B-00C04F79EFBC}") = "Grumpy.MessageQueue.Msmq.IntegrationTests", "Grumpy.MessageQueue.Msmq.IntegrationTests\Grumpy.MessageQueue.Msmq.IntegrationTests.csproj", "{D2F8573F-B334-43E6-99CF-CA1E04801827}"
EndProject
Project("{FAE04EC0-301F-11D3-BF4B-00C04F79EFBC}") = "Grumpy.MessageQueue.Msmq.UnitTests", "Grumpy.MessageQueue.Msmq.UnitTests\Grumpy.MessageQueue.Msmq.UnitTests.csproj", "{D9F05ED4-4AB6-4737-9648-7384385E9C0E}"
EndProject
Project("{FAE04EC0-301F-11D3-BF4B-00C04F79EFBC}") = "Grumpy.MessageQueue.Msmq", "Grumpy.MessageQueue.Msmq\Grumpy.MessageQueue.Msmq.csproj", "{DF8E5544-3235-4307-8FF5-EC2CAC7A9414}"
EndProject
Project("{FAE04EC0-301F-11D3-BF4B-00C04F79EFBC}") = "Grumpy.MessageQueue.NuGet", "Grumpy.MessageQueue.Nuget\Grumpy.MessageQueue.NuGet.csproj", "{41DAB58F-5CB3-4DA8-9EAD-08E0BCBB350B}"
EndProject
Global
	GlobalSection(SolutionConfigurationPlatforms) = preSolution
		Debug|Any CPU = Debug|Any CPU
		Release|Any CPU = Release|Any CPU
	EndGlobalSection
	GlobalSection(ProjectConfigurationPlatforms) = postSolution
		{4E4557E1-63CA-40C0-B3FE-D3F4997158FF}.Debug|Any CPU.ActiveCfg = Debug|Any CPU
		{4E4557E1-63CA-40C0-B3FE-D3F4997158FF}.Debug|Any CPU.Build.0 = Debug|Any CPU
		{4E4557E1-63CA-40C0-B3FE-D3F4997158FF}.Release|Any CPU.ActiveCfg = Release|Any CPU
		{4E4557E1-63CA-40C0-B3FE-D3F4997158FF}.Release|Any CPU.Build.0 = Release|Any CPU
		{A36C4478-47FF-4054-A26A-107C850B3DD2}.Debug|Any CPU.ActiveCfg = Debug|Any CPU
		{A36C4478-47FF-4054-A26A-107C850B3DD2}.Debug|Any CPU.Build.0 = Debug|Any CPU
		{A36C4478-47FF-4054-A26A-107C850B3DD2}.Release|Any CPU.ActiveCfg = Release|Any CPU
		{A36C4478-47FF-4054-A26A-107C850B3DD2}.Release|Any CPU.Build.0 = Release|Any CPU
		{AFF55671-CF23-482D-A488-F86FF198F826}.Debug|Any CPU.ActiveCfg = Debug|Any CPU
		{AFF55671-CF23-482D-A488-F86FF198F826}.Debug|Any CPU.Build.0 = Debug|Any CPU
		{AFF55671-CF23-482D-A488-F86FF198F826}.Release|Any CPU.ActiveCfg = Release|Any CPU
		{AFF55671-CF23-482D-A488-F86FF198F826}.Release|Any CPU.Build.0 = Release|Any CPU
		{1211F252-EDE8-43D3-A0A0-70C4D17ED063}.Debug|Any CPU.ActiveCfg = Debug|Any CPU
		{1211F252-EDE8-43D3-A0A0-70C4D17ED063}.Debug|Any CPU.Build.0 = Debug|Any CPU
		{1211F252-EDE8-43D3-A0A0-70C4D17ED063}.Release|Any CPU.ActiveCfg = Release|Any CPU
		{1211F252-EDE8-43D3-A0A0-70C4D17ED063}.Release|Any CPU.Build.0 = Release|Any CPU
		{A83E86CF-7557-4D78-A7BE-0E31A95DF06C}.Debug|Any CPU.ActiveCfg = Debug|Any CPU
		{A83E86CF-7557-4D78-A7BE-0E31A95DF06C}.Debug|Any CPU.Build.0 = Debug|Any CPU
		{A83E86CF-7557-4D78-A7BE-0E31A95DF06C}.Release|Any CPU.ActiveCfg = Release|Any CPU
		{A83E86CF-7557-4D78-A7BE-0E31A95DF06C}.Release|Any CPU.Build.0 = Release|Any CPU
		{D2F8573F-B334-43E6-99CF-CA1E04801827}.Debug|Any CPU.ActiveCfg = Debug|Any CPU
		{D2F8573F-B334-43E6-99CF-CA1E04801827}.Debug|Any CPU.Build.0 = Debug|Any CPU
		{D2F8573F-B334-43E6-99CF-CA1E04801827}.Release|Any CPU.ActiveCfg = Release|Any CPU
		{D2F8573F-B334-43E6-99CF-CA1E04801827}.Release|Any CPU.Build.0 = Release|Any CPU
		{D9F05ED4-4AB6-4737-9648-7384385E9C0E}.Debug|Any CPU.ActiveCfg = Debug|Any CPU
		{D9F05ED4-4AB6-4737-9648-7384385E9C0E}.Debug|Any CPU.Build.0 = Debug|Any CPU
		{D9F05ED4-4AB6-4737-9648-7384385E9C0E}.Release|Any CPU.ActiveCfg = Release|Any CPU
		{D9F05ED4-4AB6-4737-9648-7384385E9C0E}.Release|Any CPU.Build.0 = Release|Any CPU
		{DF8E5544-3235-4307-8FF5-EC2CAC7A9414}.Debug|Any CPU.ActiveCfg = Debug|Any CPU
		{DF8E5544-3235-4307-8FF5-EC2CAC7A9414}.Debug|Any CPU.Build.0 = Debug|Any CPU
		{DF8E5544-3235-4307-8FF5-EC2CAC7A9414}.Release|Any CPU.ActiveCfg = Release|Any CPU
		{DF8E5544-3235-4307-8FF5-EC2CAC7A9414}.Release|Any CPU.Build.0 = Release|Any CPU
		{41DAB58F-5CB3-4DA8-9EAD-08E0BCBB350B}.Debug|Any CPU.ActiveCfg = Debug|Any CPU
		{41DAB58F-5CB3-4DA8-9EAD-08E0BCBB350B}.Debug|Any CPU.Build.0 = Debug|Any CPU
		{41DAB58F-5CB3-4DA8-9EAD-08E0BCBB350B}.Release|Any CPU.ActiveCfg = Release|Any CPU
		{41DAB58F-5CB3-4DA8-9EAD-08E0BCBB350B}.Release|Any CPU.Build.0 = Release|Any CPU
	EndGlobalSection
	GlobalSection(SolutionProperties) = preSolution
		HideSolutionNode = FALSE
	EndGlobalSection
	GlobalSection(NestedProjects) = preSolution
		{AFF55671-CF23-482D-A488-F86FF198F826} = {7AE8B402-63A3-412C-9562-90D7699C3BF7}
		{1211F252-EDE8-43D3-A0A0-70C4D17ED063} = {7AE8B402-63A3-412C-9562-90D7699C3BF7}
		{A83E86CF-7557-4D78-A7BE-0E31A95DF06C} = {7AE8B402-63A3-412C-9562-90D7699C3BF7}
		{D2F8573F-B334-43E6-99CF-CA1E04801827} = {7AE8B402-63A3-412C-9562-90D7699C3BF7}
		{D9F05ED4-4AB6-4737-9648-7384385E9C0E} = {7AE8B402-63A3-412C-9562-90D7699C3BF7}
	EndGlobalSection
	GlobalSection(ExtensibilityGlobals) = postSolution
		SolutionGuid = {0A6E00C1-B3C9-4DE5-BB75-EF4528F093DA}
	EndGlobalSection
EndGlobal
