
Microsoft Visual Studio Solution File, Format Version 12.00
# Visual Studio 15
VisualStudioVersion = 15.0.27130.2010
MinimumVisualStudioVersion = 10.0.40219.1
Project("{2150E333-8FDC-42A3-9474-1A3956D46DE8}") = "Tests", "Tests", "{7AE8B402-63A3-412C-9562-90D7699C3BF7}"
EndProject
Project("{FAE04EC0-301F-11D3-BF4B-00C04F79EFBC}") = "Grumpy.MessageQueue", "Grumpy.MessageQueue\Grumpy.MessageQueue.csproj", "{4E4557E1-63CA-40C0-B3FE-D3F4997158FF}"
EndProject
Global
	GlobalSection(SolutionConfigurationPlatforms) = preSolution
		Debug|Any CPU = Debug|Any CPU
		Release|Any CPU = Release|Any CPU
	EndGlobalSection
	GlobalSection(ProjectConfigurationPlatforms) = postSolution
		{4E4557E1-63CA-40C0-B3FE-D3F4997158FF}.Debug|Any CPU.ActiveCfg = Debug|Any CPU
		{4E4557E1-63CA-40C0-B3FE-D3F4997158FF}.Debug|Any CPU.Build.0 = Debug|Any CPU
		{4E4557E1-63CA-40C0-B3FE-D3F4997158FF}.Release|Any CPU.ActiveCfg = Release|Any CPU
		{4E4557E1-63CA-40C0-B3FE-D3F4997158FF}.Release|Any CPU.Build.0 = Release|Any CPU
	EndGlobalSection
	GlobalSection(SolutionProperties) = preSolution
		HideSolutionNode = FALSE
	EndGlobalSection
	GlobalSection(ExtensibilityGlobals) = postSolution
		SolutionGuid = {0A6E00C1-B3C9-4DE5-BB75-EF4528F093DA}
	EndGlobalSection
EndGlobal
